// !$*UTF8*$!
{
	archiveVersion = 1;
	classes = {
	};
	objectVersion = 48;
	objects = {

/* Begin PBXBuildFile section */
		BF990546207785DB0051DD64 /* AppDelegate.m in Sources */ = {isa = PBXBuildFile; fileRef = BF990545207785DB0051DD64 /* AppDelegate.m */; };
		BF990549207785DB0051DD64 /* ViewController.m in Sources */ = {isa = PBXBuildFile; fileRef = BF990548207785DB0051DD64 /* ViewController.m */; };
		BF99054C207785DB0051DD64 /* Main.storyboard in Resources */ = {isa = PBXBuildFile; fileRef = BF99054A207785DB0051DD64 /* Main.storyboard */; };
		BF99054E207785DB0051DD64 /* Assets.xcassets in Resources */ = {isa = PBXBuildFile; fileRef = BF99054D207785DB0051DD64 /* Assets.xcassets */; };
		BF990551207785DB0051DD64 /* LaunchScreen.storyboard in Resources */ = {isa = PBXBuildFile; fileRef = BF99054F207785DB0051DD64 /* LaunchScreen.storyboard */; };
		BF990554207785DB0051DD64 /* main.m in Sources */ = {isa = PBXBuildFile; fileRef = BF990553207785DB0051DD64 /* main.m */; };
		BF9905602077E4860051DD64 /* GetterSetterPropertija.m in Sources */ = {isa = PBXBuildFile; fileRef = BF99055F2077E4860051DD64 /* GetterSetterPropertija.m */; };
		BF990563207899120051DD64 /* Methods.m in Sources */ = {isa = PBXBuildFile; fileRef = BF990562207899120051DD64 /* Methods.m */; };
		BF9905692078A0C20051DD64 /* MethodsPerson.m in Sources */ = {isa = PBXBuildFile; fileRef = BF9905682078A0C20051DD64 /* MethodsPerson.m */; };
		BF99056C2078A5730051DD64 /* Arrays.m in Sources */ = {isa = PBXBuildFile; fileRef = BF99056B2078A5730051DD64 /* Arrays.m */; };
		BF99056F2078ADCF0051DD64 /* Dictionary.m in Sources */ = {isa = PBXBuildFile; fileRef = BF99056E2078ADCF0051DD64 /* Dictionary.m */; };
		BF9905722078B0CF0051DD64 /* FastEnumeration and Loops.m in Sources */ = {isa = PBXBuildFile; fileRef = BF9905712078B0CF0051DD64 /* FastEnumeration and Loops.m */; };
		BF9905752078B9970051DD64 /* Vozilo.m in Sources */ = {isa = PBXBuildFile; fileRef = BF9905742078B9970051DD64 /* Vozilo.m */; };
		BF9905782078C1640051DD64 /* VoziloHonda.m in Sources */ = {isa = PBXBuildFile; fileRef = BF9905772078C1640051DD64 /* VoziloHonda.m */; };
		BFC13B0A207A18CA00CF617C /* Structures.m in Sources */ = {isa = PBXBuildFile; fileRef = BFC13B09207A18CA00CF617C /* Structures.m */; };
		BFC13B0D207A5AC900CF617C /* Preporocessors.m in Sources */ = {isa = PBXBuildFile; fileRef = BFC13B0C207A5AC900CF617C /* Preporocessors.m */; };
/* End PBXBuildFile section */

/* Begin PBXFileReference section */
		BF990541207785DA0051DD64 /* Objective C - Fundamentals.app */ = {isa = PBXFileReference; explicitFileType = wrapper.application; includeInIndex = 0; path = "Objective C - Fundamentals.app"; sourceTree = BUILT_PRODUCTS_DIR; };
		BF990544207785DB0051DD64 /* AppDelegate.h */ = {isa = PBXFileReference; lastKnownFileType = sourcecode.c.h; path = AppDelegate.h; sourceTree = "<group>"; };
		BF990545207785DB0051DD64 /* AppDelegate.m */ = {isa = PBXFileReference; lastKnownFileType = sourcecode.c.objc; path = AppDelegate.m; sourceTree = "<group>"; };
		BF990547207785DB0051DD64 /* ViewController.h */ = {isa = PBXFileReference; lastKnownFileType = sourcecode.c.h; path = ViewController.h; sourceTree = "<group>"; };
		BF990548207785DB0051DD64 /* ViewController.m */ = {isa = PBXFileReference; lastKnownFileType = sourcecode.c.objc; path = ViewController.m; sourceTree = "<group>"; };
		BF99054B207785DB0051DD64 /* Base */ = {isa = PBXFileReference; lastKnownFileType = file.storyboard; name = Base; path = Base.lproj/Main.storyboard; sourceTree = "<group>"; };
		BF99054D207785DB0051DD64 /* Assets.xcassets */ = {isa = PBXFileReference; lastKnownFileType = folder.assetcatalog; path = Assets.xcassets; sourceTree = "<group>"; };
		BF990550207785DB0051DD64 /* Base */ = {isa = PBXFileReference; lastKnownFileType = file.storyboard; name = Base; path = Base.lproj/LaunchScreen.storyboard; sourceTree = "<group>"; };
		BF990552207785DB0051DD64 /* Info.plist */ = {isa = PBXFileReference; lastKnownFileType = text.plist.xml; path = Info.plist; sourceTree = "<group>"; };
		BF990553207785DB0051DD64 /* main.m */ = {isa = PBXFileReference; lastKnownFileType = sourcecode.c.objc; path = main.m; sourceTree = "<group>"; };
		BF99055E2077E4860051DD64 /* GetterSetterPropertija.h */ = {isa = PBXFileReference; lastKnownFileType = sourcecode.c.h; path = GetterSetterPropertija.h; sourceTree = "<group>"; };
		BF99055F2077E4860051DD64 /* GetterSetterPropertija.m */ = {isa = PBXFileReference; lastKnownFileType = sourcecode.c.objc; path = GetterSetterPropertija.m; sourceTree = "<group>"; };
		BF990561207899120051DD64 /* Methods.h */ = {isa = PBXFileReference; lastKnownFileType = sourcecode.c.h; path = Methods.h; sourceTree = "<group>"; };
		BF990562207899120051DD64 /* Methods.m */ = {isa = PBXFileReference; lastKnownFileType = sourcecode.c.objc; path = Methods.m; sourceTree = "<group>"; };
		BF9905672078A0C20051DD64 /* MethodsPerson.h */ = {isa = PBXFileReference; lastKnownFileType = sourcecode.c.h; path = MethodsPerson.h; sourceTree = "<group>"; };
		BF9905682078A0C20051DD64 /* MethodsPerson.m */ = {isa = PBXFileReference; lastKnownFileType = sourcecode.c.objc; path = MethodsPerson.m; sourceTree = "<group>"; };
		BF99056A2078A5730051DD64 /* Arrays.h */ = {isa = PBXFileReference; lastKnownFileType = sourcecode.c.h; path = Arrays.h; sourceTree = "<group>"; };
		BF99056B2078A5730051DD64 /* Arrays.m */ = {isa = PBXFileReference; lastKnownFileType = sourcecode.c.objc; path = Arrays.m; sourceTree = "<group>"; };
		BF99056D2078ADCF0051DD64 /* Dictionary.h */ = {isa = PBXFileReference; lastKnownFileType = sourcecode.c.h; path = Dictionary.h; sourceTree = "<group>"; };
		BF99056E2078ADCF0051DD64 /* Dictionary.m */ = {isa = PBXFileReference; lastKnownFileType = sourcecode.c.objc; path = Dictionary.m; sourceTree = "<group>"; };
		BF9905702078B0CF0051DD64 /* FastEnumeration and Loops.h */ = {isa = PBXFileReference; lastKnownFileType = sourcecode.c.h; path = "FastEnumeration and Loops.h"; sourceTree = "<group>"; };
		BF9905712078B0CF0051DD64 /* FastEnumeration and Loops.m */ = {isa = PBXFileReference; lastKnownFileType = sourcecode.c.objc; path = "FastEnumeration and Loops.m"; sourceTree = "<group>"; };
		BF9905732078B9970051DD64 /* Vozilo.h */ = {isa = PBXFileReference; lastKnownFileType = sourcecode.c.h; path = Vozilo.h; sourceTree = "<group>"; };
		BF9905742078B9970051DD64 /* Vozilo.m */ = {isa = PBXFileReference; lastKnownFileType = sourcecode.c.objc; path = Vozilo.m; sourceTree = "<group>"; };
		BF9905762078C1640051DD64 /* VoziloHonda.h */ = {isa = PBXFileReference; lastKnownFileType = sourcecode.c.h; path = VoziloHonda.h; sourceTree = "<group>"; };
		BF9905772078C1640051DD64 /* VoziloHonda.m */ = {isa = PBXFileReference; lastKnownFileType = sourcecode.c.objc; path = VoziloHonda.m; sourceTree = "<group>"; };
		BFC13B08207A18CA00CF617C /* Structures.h */ = {isa = PBXFileReference; lastKnownFileType = sourcecode.c.h; path = Structures.h; sourceTree = "<group>"; };
		BFC13B09207A18CA00CF617C /* Structures.m */ = {isa = PBXFileReference; lastKnownFileType = sourcecode.c.objc; path = Structures.m; sourceTree = "<group>"; };
		BFC13B0B207A5AC900CF617C /* Preporocessors.h */ = {isa = PBXFileReference; lastKnownFileType = sourcecode.c.h; path = Preporocessors.h; sourceTree = "<group>"; };
		BFC13B0C207A5AC900CF617C /* Preporocessors.m */ = {isa = PBXFileReference; lastKnownFileType = sourcecode.c.objc; path = Preporocessors.m; sourceTree = "<group>"; };
/* End PBXFileReference section */

/* Begin PBXFrameworksBuildPhase section */
		BF99053E207785DA0051DD64 /* Frameworks */ = {
			isa = PBXFrameworksBuildPhase;
			buildActionMask = 2147483647;
			files = (
			);
			runOnlyForDeploymentPostprocessing = 0;
		};
/* End PBXFrameworksBuildPhase section */

/* Begin PBXGroup section */
		BF990538207785DA0051DD64 = {
			isa = PBXGroup;
			children = (
				BF990543207785DA0051DD64 /* Objective C - Fundamentals */,
				BF990542207785DA0051DD64 /* Products */,
			);
			sourceTree = "<group>";
		};
		BF990542207785DA0051DD64 /* Products */ = {
			isa = PBXGroup;
			children = (
				BF990541207785DA0051DD64 /* Objective C - Fundamentals.app */,
			);
			name = Products;
			sourceTree = "<group>";
		};
		BF990543207785DA0051DD64 /* Objective C - Fundamentals */ = {
			isa = PBXGroup;
			children = (
				BF990544207785DB0051DD64 /* AppDelegate.h */,
				BF990545207785DB0051DD64 /* AppDelegate.m */,
				BF990547207785DB0051DD64 /* ViewController.h */,
				BF990548207785DB0051DD64 /* ViewController.m */,
				BF99055E2077E4860051DD64 /* GetterSetterPropertija.h */,
				BF99055F2077E4860051DD64 /* GetterSetterPropertija.m */,
				BF990561207899120051DD64 /* Methods.h */,
				BF990562207899120051DD64 /* Methods.m */,
				BF9905672078A0C20051DD64 /* MethodsPerson.h */,
				BF9905682078A0C20051DD64 /* MethodsPerson.m */,
				BF99056A2078A5730051DD64 /* Arrays.h */,
				BF99056B2078A5730051DD64 /* Arrays.m */,
				BF99056D2078ADCF0051DD64 /* Dictionary.h */,
				BF99056E2078ADCF0051DD64 /* Dictionary.m */,
				BF9905702078B0CF0051DD64 /* FastEnumeration and Loops.h */,
				BF9905712078B0CF0051DD64 /* FastEnumeration and Loops.m */,
				BF9905732078B9970051DD64 /* Vozilo.h */,
				BF9905742078B9970051DD64 /* Vozilo.m */,
				BF9905762078C1640051DD64 /* VoziloHonda.h */,
				BF9905772078C1640051DD64 /* VoziloHonda.m */,
				BFC13B08207A18CA00CF617C /* Structures.h */,
				BFC13B09207A18CA00CF617C /* Structures.m */,
				BFC13B0B207A5AC900CF617C /* Preporocessors.h */,
				BFC13B0C207A5AC900CF617C /* Preporocessors.m */,
				BF99054A207785DB0051DD64 /* Main.storyboard */,
				BF99054D207785DB0051DD64 /* Assets.xcassets */,
				BF99054F207785DB0051DD64 /* LaunchScreen.storyboard */,
				BF990552207785DB0051DD64 /* Info.plist */,
				BF990553207785DB0051DD64 /* main.m */,
			);
			path = "Objective C - Fundamentals";
			sourceTree = "<group>";
		};
/* End PBXGroup section */

/* Begin PBXNativeTarget section */
		BF990540207785DA0051DD64 /* Objective C - Fundamentals */ = {
			isa = PBXNativeTarget;
			buildConfigurationList = BF990557207785DB0051DD64 /* Build configuration list for PBXNativeTarget "Objective C - Fundamentals" */;
			buildPhases = (
				BF99053D207785DA0051DD64 /* Sources */,
				BF99053E207785DA0051DD64 /* Frameworks */,
				BF99053F207785DA0051DD64 /* Resources */,
			);
			buildRules = (
			);
			dependencies = (
			);
			name = "Objective C - Fundamentals";
			productName = "Objective C - Fundamentals";
			productReference = BF990541207785DA0051DD64 /* Objective C - Fundamentals.app */;
			productType = "com.apple.product-type.application";
		};
/* End PBXNativeTarget section */

/* Begin PBXProject section */
		BF990539207785DA0051DD64 /* Project object */ = {
			isa = PBXProject;
			attributes = {
				LastUpgradeCheck = 0920;
				ORGANIZATIONNAME = "Vuk Knežević";
				TargetAttributes = {
					BF990540207785DA0051DD64 = {
						CreatedOnToolsVersion = 9.2;
						ProvisioningStyle = Automatic;
					};
				};
			};
			buildConfigurationList = BF99053C207785DA0051DD64 /* Build configuration list for PBXProject "Objective C - Fundamentals" */;
			compatibilityVersion = "Xcode 8.0";
			developmentRegion = en;
			hasScannedForEncodings = 0;
			knownRegions = (
				en,
				Base,
			);
			mainGroup = BF990538207785DA0051DD64;
			productRefGroup = BF990542207785DA0051DD64 /* Products */;
			projectDirPath = "";
			projectRoot = "";
			targets = (
				BF990540207785DA0051DD64 /* Objective C - Fundamentals */,
			);
		};
/* End PBXProject section */

/* Begin PBXResourcesBuildPhase section */
		BF99053F207785DA0051DD64 /* Resources */ = {
			isa = PBXResourcesBuildPhase;
			buildActionMask = 2147483647;
			files = (
				BF990551207785DB0051DD64 /* LaunchScreen.storyboard in Resources */,
				BF99054E207785DB0051DD64 /* Assets.xcassets in Resources */,
				BF99054C207785DB0051DD64 /* Main.storyboard in Resources */,
			);
			runOnlyForDeploymentPostprocessing = 0;
		};
/* End PBXResourcesBuildPhase section */

/* Begin PBXSourcesBuildPhase section */
		BF99053D207785DA0051DD64 /* Sources */ = {
			isa = PBXSourcesBuildPhase;
			buildActionMask = 2147483647;
			files = (
				BF990563207899120051DD64 /* Methods.m in Sources */,
				BF990549207785DB0051DD64 /* ViewController.m in Sources */,
				BF9905752078B9970051DD64 /* Vozilo.m in Sources */,
				BF990554207785DB0051DD64 /* main.m in Sources */,
				BF9905782078C1640051DD64 /* VoziloHonda.m in Sources */,
				BFC13B0D207A5AC900CF617C /* Preporocessors.m in Sources */,
				BF99056C2078A5730051DD64 /* Arrays.m in Sources */,
				BF9905602077E4860051DD64 /* GetterSetterPropertija.m in Sources */,
				BFC13B0A207A18CA00CF617C /* Structures.m in Sources */,
				BF99056F2078ADCF0051DD64 /* Dictionary.m in Sources */,
				BF9905722078B0CF0051DD64 /* FastEnumeration and Loops.m in Sources */,
				BF990546207785DB0051DD64 /* AppDelegate.m in Sources */,
				BF9905692078A0C20051DD64 /* MethodsPerson.m in Sources */,
			);
			runOnlyForDeploymentPostprocessing = 0;
		};
/* End PBXSourcesBuildPhase section */

/* Begin PBXVariantGroup section */
		BF99054A207785DB0051DD64 /* Main.storyboard */ = {
			isa = PBXVariantGroup;
			children = (
				BF99054B207785DB0051DD64 /* Base */,
			);
			name = Main.storyboard;
			sourceTree = "<group>";
		};
		BF99054F207785DB0051DD64 /* LaunchScreen.storyboard */ = {
			isa = PBXVariantGroup;
			children = (
				BF990550207785DB0051DD64 /* Base */,
			);
			name = LaunchScreen.storyboard;
			sourceTree = "<group>";
		};
/* End PBXVariantGroup section */

/* Begin XCBuildConfiguration section */
		BF990555207785DB0051DD64 /* Debug */ = {
			isa = XCBuildConfiguration;
			buildSettings = {
				ALWAYS_SEARCH_USER_PATHS = NO;
				CLANG_ANALYZER_NONNULL = YES;
				CLANG_ANALYZER_NUMBER_OBJECT_CONVERSION = YES_AGGRESSIVE;
				CLANG_CXX_LANGUAGE_STANDARD = "gnu++14";
				CLANG_CXX_LIBRARY = "libc++";
				CLANG_ENABLE_MODULES = YES;
				CLANG_ENABLE_OBJC_ARC = YES;
				CLANG_WARN_BLOCK_CAPTURE_AUTORELEASING = YES;
				CLANG_WARN_BOOL_CONVERSION = YES;
				CLANG_WARN_COMMA = YES;
				CLANG_WARN_CONSTANT_CONVERSION = YES;
				CLANG_WARN_DIRECT_OBJC_ISA_USAGE = YES_ERROR;
				CLANG_WARN_DOCUMENTATION_COMMENTS = YES;
				CLANG_WARN_EMPTY_BODY = YES;
				CLANG_WARN_ENUM_CONVERSION = YES;
				CLANG_WARN_INFINITE_RECURSION = YES;
				CLANG_WARN_INT_CONVERSION = YES;
				CLANG_WARN_NON_LITERAL_NULL_CONVERSION = YES;
				CLANG_WARN_OBJC_LITERAL_CONVERSION = YES;
				CLANG_WARN_OBJC_ROOT_CLASS = YES_ERROR;
				CLANG_WARN_RANGE_LOOP_ANALYSIS = YES;
				CLANG_WARN_STRICT_PROTOTYPES = YES;
				CLANG_WARN_SUSPICIOUS_MOVE = YES;
				CLANG_WARN_UNGUARDED_AVAILABILITY = YES_AGGRESSIVE;
				CLANG_WARN_UNREACHABLE_CODE = YES;
				CLANG_WARN__DUPLICATE_METHOD_MATCH = YES;
				CODE_SIGN_IDENTITY = "iPhone Developer";
				COPY_PHASE_STRIP = NO;
				DEBUG_INFORMATION_FORMAT = dwarf;
				ENABLE_STRICT_OBJC_MSGSEND = YES;
				ENABLE_TESTABILITY = YES;
				GCC_C_LANGUAGE_STANDARD = gnu11;
				GCC_DYNAMIC_NO_PIC = NO;
				GCC_NO_COMMON_BLOCKS = YES;
				GCC_OPTIMIZATION_LEVEL = 0;
				GCC_PREPROCESSOR_DEFINITIONS = (
					"DEBUG=1",
					"$(inherited)",
				);
				GCC_WARN_64_TO_32_BIT_CONVERSION = YES;
				GCC_WARN_ABOUT_RETURN_TYPE = YES_ERROR;
				GCC_WARN_UNDECLARED_SELECTOR = YES;
				GCC_WARN_UNINITIALIZED_AUTOS = YES_AGGRESSIVE;
				GCC_WARN_UNUSED_FUNCTION = YES;
				GCC_WARN_UNUSED_VARIABLE = YES;
				IPHONEOS_DEPLOYMENT_TARGET = 11.2;
				MTL_ENABLE_DEBUG_INFO = YES;
				ONLY_ACTIVE_ARCH = YES;
				SDKROOT = iphoneos;
			};
			name = Debug;
		};
		BF990556207785DB0051DD64 /* Release */ = {
			isa = XCBuildConfiguration;
			buildSettings = {
				ALWAYS_SEARCH_USER_PATHS = NO;
				CLANG_ANALYZER_NONNULL = YES;
				CLANG_ANALYZER_NUMBER_OBJECT_CONVERSION = YES_AGGRESSIVE;
				CLANG_CXX_LANGUAGE_STANDARD = "gnu++14";
				CLANG_CXX_LIBRARY = "libc++";
				CLANG_ENABLE_MODULES = YES;
				CLANG_ENABLE_OBJC_ARC = YES;
				CLANG_WARN_BLOCK_CAPTURE_AUTORELEASING = YES;
				CLANG_WARN_BOOL_CONVERSION = YES;
				CLANG_WARN_COMMA = YES;
				CLANG_WARN_CONSTANT_CONVERSION = YES;
				CLANG_WARN_DIRECT_OBJC_ISA_USAGE = YES_ERROR;
				CLANG_WARN_DOCUMENTATION_COMMENTS = YES;
				CLANG_WARN_EMPTY_BODY = YES;
				CLANG_WARN_ENUM_CONVERSION = YES;
				CLANG_WARN_INFINITE_RECURSION = YES;
				CLANG_WARN_INT_CONVERSION = YES;
				CLANG_WARN_NON_LITERAL_NULL_CONVERSION = YES;
				CLANG_WARN_OBJC_LITERAL_CONVERSION = YES;
				CLANG_WARN_OBJC_ROOT_CLASS = YES_ERROR;
				CLANG_WARN_RANGE_LOOP_ANALYSIS = YES;
				CLANG_WARN_STRICT_PROTOTYPES = YES;
				CLANG_WARN_SUSPICIOUS_MOVE = YES;
				CLANG_WARN_UNGUARDED_AVAILABILITY = YES_AGGRESSIVE;
				CLANG_WARN_UNREACHABLE_CODE = YES;
				CLANG_WARN__DUPLICATE_METHOD_MATCH = YES;
				CODE_SIGN_IDENTITY = "iPhone Developer";
				COPY_PHASE_STRIP = NO;
				DEBUG_INFORMATION_FORMAT = "dwarf-with-dsym";
				ENABLE_NS_ASSERTIONS = NO;
				ENABLE_STRICT_OBJC_MSGSEND = YES;
				GCC_C_LANGUAGE_STANDARD = gnu11;
				GCC_NO_COMMON_BLOCKS = YES;
				GCC_WARN_64_TO_32_BIT_CONVERSION = YES;
				GCC_WARN_ABOUT_RETURN_TYPE = YES_ERROR;
				GCC_WARN_UNDECLARED_SELECTOR = YES;
				GCC_WARN_UNINITIALIZED_AUTOS = YES_AGGRESSIVE;
				GCC_WARN_UNUSED_FUNCTION = YES;
				GCC_WARN_UNUSED_VARIABLE = YES;
				IPHONEOS_DEPLOYMENT_TARGET = 11.2;
				MTL_ENABLE_DEBUG_INFO = NO;
				SDKROOT = iphoneos;
				VALIDATE_PRODUCT = YES;
			};
			name = Release;
		};
		BF990558207785DB0051DD64 /* Debug */ = {
			isa = XCBuildConfiguration;
			buildSettings = {
				ASSETCATALOG_COMPILER_APPICON_NAME = AppIcon;
				CODE_SIGN_STYLE = Automatic;
				DEVELOPMENT_TEAM = JHW6KQDLBW;
				INFOPLIST_FILE = "Objective C - Fundamentals/Info.plist";
				IPHONEOS_DEPLOYMENT_TARGET = 11.2;
				LD_RUNPATH_SEARCH_PATHS = "$(inherited) @executable_path/Frameworks";
				PRODUCT_BUNDLE_IDENTIFIER = "com.Objective-C---Fundamentals";
				PRODUCT_NAME = "$(TARGET_NAME)";
				TARGETED_DEVICE_FAMILY = "1,2";
			};
			name = Debug;
		};
		BF990559207785DB0051DD64 /* Release */ = {
			isa = XCBuildConfiguration;
			buildSettings = {
				ASSETCATALOG_COMPILER_APPICON_NAME = AppIcon;
				CODE_SIGN_STYLE = Automatic;
				DEVELOPMENT_TEAM = JHW6KQDLBW;
				INFOPLIST_FILE = "Objective C - Fundamentals/Info.plist";
				IPHONEOS_DEPLOYMENT_TARGET = 11.2;
				LD_RUNPATH_SEARCH_PATHS = "$(inherited) @executable_path/Frameworks";
				PRODUCT_BUNDLE_IDENTIFIER = "com.Objective-C---Fundamentals";
				PRODUCT_NAME = "$(TARGET_NAME)";
				TARGETED_DEVICE_FAMILY = "1,2";
			};
			name = Release;
		};
/* End XCBuildConfiguration section */

/* Begin XCConfigurationList section */
		BF99053C207785DA0051DD64 /* Build configuration list for PBXProject "Objective C - Fundamentals" */ = {
			isa = XCConfigurationList;
			buildConfigurations = (
				BF990555207785DB0051DD64 /* Debug */,
				BF990556207785DB0051DD64 /* Release */,
			);
			defaultConfigurationIsVisible = 0;
			defaultConfigurationName = Release;
		};
		BF990557207785DB0051DD64 /* Build configuration list for PBXNativeTarget "Objective C - Fundamentals" */ = {
			isa = XCConfigurationList;
			buildConfigurations = (
				BF990558207785DB0051DD64 /* Debug */,
				BF990559207785DB0051DD64 /* Release */,
			);
			defaultConfigurationIsVisible = 0;
			defaultConfigurationName = Release;
		};
/* End XCConfigurationList section */
	};
	rootObject = BF990539207785DA0051DD64 /* Project object */;
}
